{
  "name": "@1mill/waterway",
  "version": "0.2.2",
  "lockfileVersion": 1,
  "requires": true,
  "dependencies": {
    "kafka": {
      "version": "0.2.3",
      "resolved": "https://registry.npmjs.org/kafka/-/kafka-0.2.3.tgz",
      "integrity": "sha1-+3sd848WHYIf7p3LY5heOI6ggYg=",
      "requires": {
        "std": "0.1.36"
      }
    },
    "std": {
      "version": "0.1.36",
      "resolved": "https://registry.npmjs.org/std/-/std-0.1.36.tgz",
      "integrity": "sha1-edoPm7qIeAnfxglYrU5pzc94jEA="
    }
  }
}
