{
  "name": "app",
  "version": "1.0.0",
  "lockfileVersion": 1,
  "requires": true,
  "dependencies": {
    "@1mill/waterway": {
      "version": "0.2.1",
      "resolved": "https://registry.npmjs.org/@1mill/waterway/-/waterway-0.2.1.tgz",
      "integrity": "sha512-7RxF613n3aENXrXgoAPyihpkZro8QVYFiWr216Hk11xul4TuuSK9aZICr/MZCQ3McQmdeBI1rziRkTTnTyWeVg=="
    }
  }
}
