{
  "name": "app",
  "version": "1.0.0",
  "lockfileVersion": 1,
  "requires": true,
  "dependencies": {
    "@1mill/waterway": {
      "version": "0.2.3",
      "resolved": "https://registry.npmjs.org/@1mill/waterway/-/waterway-0.2.3.tgz",
      "integrity": "sha512-MbwPHTW02QCYtZRzxTZ04qViVM1v3AA+82dVAX0feo0yPXr6NLEqyju2MCrqUhX6iLr74Cd41N19+RiQS2iGVQ==",
      "requires": {
        "kafkajs": "^1.12.0"
      }
    },
    "kafkajs": {
      "version": "1.12.0",
      "resolved": "https://registry.npmjs.org/kafkajs/-/kafkajs-1.12.0.tgz",
      "integrity": "sha512-Izkd9iFRgeeKaHEgVpGQH08ygzCbHSxTbnu8W3G3uiNaVjGibUTmTwjv1Qf2M8NORXcPfzwVyg6bBlVj4SKr9g==",
      "requires": {
        "long": "^4.0.0"
      }
    },
    "long": {
      "version": "4.0.0",
      "resolved": "https://registry.npmjs.org/long/-/long-4.0.0.tgz",
      "integrity": "sha512-XsP+KhQif4bjX1kbuSiySJFNAehNxgLb6hPRGJ9QsUr8ajHkuXGdrHmFUTUUXhDwVX2R5bY4JNZEwbUiMhV+MA=="
    }
  }
}
